
Microsoft Visual Studio Solution File, Format Version 12.00
# Visual Studio Version 16
VisualStudioVersion = 16.0.31019.35
MinimumVisualStudioVersion = 10.0.40219.1
Project("{FAE04EC0-301F-11D3-BF4B-00C04F79EFBC}") = "BaggageHandlingSystem", "BaggageHandlingSystem\BaggageHandlingSystem.csproj", "{E1989643-99E9-4CDF-BA8D-A076F9FDBE6D}"
EndProject
Project("{FAE04EC0-301F-11D3-BF4B-00C04F79EFBC}") = "ConsoleBaggageHandlingSystem", "..\ThreadSync\ThreadSync_BaggageHandlingSystem\BaggageHandlingSystem\ConsoleBaggageHandlingSystem.csproj", "{56B972C5-F5B8-4DF4-9CA9-EC274B53D28B}"
EndProject
Project("{FAE04EC0-301F-11D3-BF4B-00C04F79EFBC}") = "CreateFlightScheduleAndReservations", "..\..\BaggageHandlingSystem_CreateFlightScheduleAndReservations\CreateFlightScheduleAndReservations\CreateFlightScheduleAndReservations.csproj", "{20E12FEC-C9B7-4C68-9E55-BE4B14A68F51}"
EndProject
Global
	GlobalSection(SolutionConfigurationPlatforms) = preSolution
		Debug|Any CPU = Debug|Any CPU
		Release|Any CPU = Release|Any CPU
	EndGlobalSection
	GlobalSection(ProjectConfigurationPlatforms) = postSolution
		{E1989643-99E9-4CDF-BA8D-A076F9FDBE6D}.Debug|Any CPU.ActiveCfg = Debug|Any CPU
		{E1989643-99E9-4CDF-BA8D-A076F9FDBE6D}.Debug|Any CPU.Build.0 = Debug|Any CPU
		{E1989643-99E9-4CDF-BA8D-A076F9FDBE6D}.Release|Any CPU.ActiveCfg = Release|Any CPU
		{E1989643-99E9-4CDF-BA8D-A076F9FDBE6D}.Release|Any CPU.Build.0 = Release|Any CPU
		{56B972C5-F5B8-4DF4-9CA9-EC274B53D28B}.Debug|Any CPU.ActiveCfg = Debug|Any CPU
		{56B972C5-F5B8-4DF4-9CA9-EC274B53D28B}.Debug|Any CPU.Build.0 = Debug|Any CPU
		{56B972C5-F5B8-4DF4-9CA9-EC274B53D28B}.Release|Any CPU.ActiveCfg = Release|Any CPU
		{56B972C5-F5B8-4DF4-9CA9-EC274B53D28B}.Release|Any CPU.Build.0 = Release|Any CPU
		{20E12FEC-C9B7-4C68-9E55-BE4B14A68F51}.Debug|Any CPU.ActiveCfg = Debug|Any CPU
		{20E12FEC-C9B7-4C68-9E55-BE4B14A68F51}.Debug|Any CPU.Build.0 = Debug|Any CPU
		{20E12FEC-C9B7-4C68-9E55-BE4B14A68F51}.Release|Any CPU.ActiveCfg = Release|Any CPU
		{20E12FEC-C9B7-4C68-9E55-BE4B14A68F51}.Release|Any CPU.Build.0 = Release|Any CPU
	EndGlobalSection
	GlobalSection(SolutionProperties) = preSolution
		HideSolutionNode = FALSE
	EndGlobalSection
	GlobalSection(ExtensibilityGlobals) = postSolution
		SolutionGuid = {229B7906-5FE3-4F3A-9F0A-83AD615E7275}
	EndGlobalSection
EndGlobal
