
Microsoft Visual Studio Solution File, Format Version 12.00
# Visual Studio Version 16
VisualStudioVersion = 16.0.31019.35
MinimumVisualStudioVersion = 10.0.40219.1
Project("{FAE04EC0-301F-11D3-BF4B-00C04F79EFBC}") = "DiningPhilosophers", "DiningPhilosophers\DiningPhilosophers.csproj", "{AD18A0B9-2016-4BF9-AA90-E1E57735B2CC}"
EndProject
Global
	GlobalSection(SolutionConfigurationPlatforms) = preSolution
		Debug|Any CPU = Debug|Any CPU
		Release|Any CPU = Release|Any CPU
	EndGlobalSection
	GlobalSection(ProjectConfigurationPlatforms) = postSolution
		{AD18A0B9-2016-4BF9-AA90-E1E57735B2CC}.Debug|Any CPU.ActiveCfg = Debug|Any CPU
		{AD18A0B9-2016-4BF9-AA90-E1E57735B2CC}.Debug|Any CPU.Build.0 = Debug|Any CPU
		{AD18A0B9-2016-4BF9-AA90-E1E57735B2CC}.Release|Any CPU.ActiveCfg = Release|Any CPU
		{AD18A0B9-2016-4BF9-AA90-E1E57735B2CC}.Release|Any CPU.Build.0 = Release|Any CPU
	EndGlobalSection
	GlobalSection(SolutionProperties) = preSolution
		HideSolutionNode = FALSE
	EndGlobalSection
	GlobalSection(ExtensibilityGlobals) = postSolution
		SolutionGuid = {FB327947-2085-436D-93AC-59F2421E4461}
	EndGlobalSection
EndGlobal
