
Microsoft Visual Studio Solution File, Format Version 12.00
# Visual Studio Version 16
VisualStudioVersion = 16.0.31019.35
MinimumVisualStudioVersion = 10.0.40219.1
Project("{FAE04EC0-301F-11D3-BF4B-00C04F79EFBC}") = "Assignment3_ThreadingPools", "Assignment3_ThreadingPools\Assignment3_ThreadingPools.csproj", "{8F1DEFAC-A6F5-4254-AB85-4440490A32DC}"
EndProject
Global
	GlobalSection(SolutionConfigurationPlatforms) = preSolution
		Debug|Any CPU = Debug|Any CPU
		Release|Any CPU = Release|Any CPU
	EndGlobalSection
	GlobalSection(ProjectConfigurationPlatforms) = postSolution
		{8F1DEFAC-A6F5-4254-AB85-4440490A32DC}.Debug|Any CPU.ActiveCfg = Debug|Any CPU
		{8F1DEFAC-A6F5-4254-AB85-4440490A32DC}.Debug|Any CPU.Build.0 = Debug|Any CPU
		{8F1DEFAC-A6F5-4254-AB85-4440490A32DC}.Release|Any CPU.ActiveCfg = Release|Any CPU
		{8F1DEFAC-A6F5-4254-AB85-4440490A32DC}.Release|Any CPU.Build.0 = Release|Any CPU
	EndGlobalSection
	GlobalSection(SolutionProperties) = preSolution
		HideSolutionNode = FALSE
	EndGlobalSection
	GlobalSection(ExtensibilityGlobals) = postSolution
		SolutionGuid = {7C83BBB4-F0EA-42C9-AA15-B4EC6F1050B2}
	EndGlobalSection
EndGlobal
