
Microsoft Visual Studio Solution File, Format Version 12.00
# Visual Studio Version 16
VisualStudioVersion = 16.0.31005.135
MinimumVisualStudioVersion = 10.0.40219.1
Project("{FAE04EC0-301F-11D3-BF4B-00C04F79EFBC}") = "GameCharacter", "GameCharacter\GameCharacter.csproj", "{80997A87-F9F7-43BC-AF45-11169D4B89BF}"
EndProject
Global
	GlobalSection(SolutionConfigurationPlatforms) = preSolution
		Debug|Any CPU = Debug|Any CPU
		Release|Any CPU = Release|Any CPU
	EndGlobalSection
	GlobalSection(ProjectConfigurationPlatforms) = postSolution
		{80997A87-F9F7-43BC-AF45-11169D4B89BF}.Debug|Any CPU.ActiveCfg = Debug|Any CPU
		{80997A87-F9F7-43BC-AF45-11169D4B89BF}.Debug|Any CPU.Build.0 = Debug|Any CPU
		{80997A87-F9F7-43BC-AF45-11169D4B89BF}.Release|Any CPU.ActiveCfg = Release|Any CPU
		{80997A87-F9F7-43BC-AF45-11169D4B89BF}.Release|Any CPU.Build.0 = Release|Any CPU
	EndGlobalSection
	GlobalSection(SolutionProperties) = preSolution
		HideSolutionNode = FALSE
	EndGlobalSection
	GlobalSection(ExtensibilityGlobals) = postSolution
		SolutionGuid = {ED211C1F-3C4E-46D6-9CD0-0090E1B9FBA6}
	EndGlobalSection
EndGlobal
