
Microsoft Visual Studio Solution File, Format Version 12.00
# Visual Studio Version 16
VisualStudioVersion = 16.0.31019.35
MinimumVisualStudioVersion = 10.0.40219.1
Project("{FAE04EC0-301F-11D3-BF4B-00C04F79EFBC}") = "ProducerAndConsumer", "ProducerAndConsumer\ProducerAndConsumer.csproj", "{DB0634E5-8BA8-4A22-8592-3A41BF5241E1}"
EndProject
Global
	GlobalSection(SolutionConfigurationPlatforms) = preSolution
		Debug|Any CPU = Debug|Any CPU
		Release|Any CPU = Release|Any CPU
	EndGlobalSection
	GlobalSection(ProjectConfigurationPlatforms) = postSolution
		{DB0634E5-8BA8-4A22-8592-3A41BF5241E1}.Debug|Any CPU.ActiveCfg = Debug|Any CPU
		{DB0634E5-8BA8-4A22-8592-3A41BF5241E1}.Debug|Any CPU.Build.0 = Debug|Any CPU
		{DB0634E5-8BA8-4A22-8592-3A41BF5241E1}.Release|Any CPU.ActiveCfg = Release|Any CPU
		{DB0634E5-8BA8-4A22-8592-3A41BF5241E1}.Release|Any CPU.Build.0 = Release|Any CPU
	EndGlobalSection
	GlobalSection(SolutionProperties) = preSolution
		HideSolutionNode = FALSE
	EndGlobalSection
	GlobalSection(ExtensibilityGlobals) = postSolution
		SolutionGuid = {C5A2C908-CF63-4A67-B8F2-5C2F2EE3A57E}
	EndGlobalSection
EndGlobal
