
Microsoft Visual Studio Solution File, Format Version 12.00
# Visual Studio Version 16
VisualStudioVersion = 16.0.31019.35
MinimumVisualStudioVersion = 10.0.40219.1
Project("{FAE04EC0-301F-11D3-BF4B-00C04F79EFBC}") = "ChrewNPhew", "ChrewNPhew\ChrewNPhew.csproj", "{FAAE9CE1-D3DC-43A0-9262-46E7CCEFF887}"
EndProject
Global
	GlobalSection(SolutionConfigurationPlatforms) = preSolution
		Debug|Any CPU = Debug|Any CPU
		Release|Any CPU = Release|Any CPU
	EndGlobalSection
	GlobalSection(ProjectConfigurationPlatforms) = postSolution
		{FAAE9CE1-D3DC-43A0-9262-46E7CCEFF887}.Debug|Any CPU.ActiveCfg = Debug|Any CPU
		{FAAE9CE1-D3DC-43A0-9262-46E7CCEFF887}.Debug|Any CPU.Build.0 = Debug|Any CPU
		{FAAE9CE1-D3DC-43A0-9262-46E7CCEFF887}.Release|Any CPU.ActiveCfg = Release|Any CPU
		{FAAE9CE1-D3DC-43A0-9262-46E7CCEFF887}.Release|Any CPU.Build.0 = Release|Any CPU
	EndGlobalSection
	GlobalSection(SolutionProperties) = preSolution
		HideSolutionNode = FALSE
	EndGlobalSection
	GlobalSection(ExtensibilityGlobals) = postSolution
		SolutionGuid = {4E9A17BB-2F06-4ECA-9309-A1F296B87503}
	EndGlobalSection
EndGlobal
