
Microsoft Visual Studio Solution File, Format Version 12.00
# Visual Studio Version 16
VisualStudioVersion = 16.0.31005.135
MinimumVisualStudioVersion = 10.0.40219.1
Project("{FAE04EC0-301F-11D3-BF4B-00C04F79EFBC}") = "CoffeeMachine", "CoffeeMachine\CoffeeMachine.csproj", "{00803BE3-E5C5-4999-81ED-A7EF02398234}"
EndProject
Global
	GlobalSection(SolutionConfigurationPlatforms) = preSolution
		Debug|Any CPU = Debug|Any CPU
		Release|Any CPU = Release|Any CPU
	EndGlobalSection
	GlobalSection(ProjectConfigurationPlatforms) = postSolution
		{00803BE3-E5C5-4999-81ED-A7EF02398234}.Debug|Any CPU.ActiveCfg = Debug|Any CPU
		{00803BE3-E5C5-4999-81ED-A7EF02398234}.Debug|Any CPU.Build.0 = Debug|Any CPU
		{00803BE3-E5C5-4999-81ED-A7EF02398234}.Release|Any CPU.ActiveCfg = Release|Any CPU
		{00803BE3-E5C5-4999-81ED-A7EF02398234}.Release|Any CPU.Build.0 = Release|Any CPU
	EndGlobalSection
	GlobalSection(SolutionProperties) = preSolution
		HideSolutionNode = FALSE
	EndGlobalSection
	GlobalSection(ExtensibilityGlobals) = postSolution
		SolutionGuid = {A1B26B6E-D1D4-49D8-9C73-D63C0D0436D4}
	EndGlobalSection
EndGlobal
