
Microsoft Visual Studio Solution File, Format Version 12.00
# Visual Studio Version 16
VisualStudioVersion = 16.0.31019.35
MinimumVisualStudioVersion = 10.0.40219.1
Project("{FAE04EC0-301F-11D3-BF4B-00C04F79EFBC}") = "HotDrinks", "HotDrinks\HotDrinks.csproj", "{C9B61031-BBE0-4025-968B-B28FFE71CD90}"
EndProject
Global
	GlobalSection(SolutionConfigurationPlatforms) = preSolution
		Debug|Any CPU = Debug|Any CPU
		Release|Any CPU = Release|Any CPU
	EndGlobalSection
	GlobalSection(ProjectConfigurationPlatforms) = postSolution
		{C9B61031-BBE0-4025-968B-B28FFE71CD90}.Debug|Any CPU.ActiveCfg = Debug|Any CPU
		{C9B61031-BBE0-4025-968B-B28FFE71CD90}.Debug|Any CPU.Build.0 = Debug|Any CPU
		{C9B61031-BBE0-4025-968B-B28FFE71CD90}.Release|Any CPU.ActiveCfg = Release|Any CPU
		{C9B61031-BBE0-4025-968B-B28FFE71CD90}.Release|Any CPU.Build.0 = Release|Any CPU
	EndGlobalSection
	GlobalSection(SolutionProperties) = preSolution
		HideSolutionNode = FALSE
	EndGlobalSection
	GlobalSection(ExtensibilityGlobals) = postSolution
		SolutionGuid = {109D4A7F-40B8-41C7-A43C-A726C8921F0B}
	EndGlobalSection
EndGlobal
